
Microsoft Visual Studio Solution File, Format Version 12.00
# Visual Studio Version 17
VisualStudioVersion = 17.5.33502.453
MinimumVisualStudioVersion = 10.0.40219.1
Project("{888888A0-9F3D-457C-B088-3A5042F75D52}") = "cypher", "cypher\cypher.pyproj", "{DBDF09AF-0381-43B6-A89E-B8A21B2B72C8}"
EndProject
Global
	GlobalSection(SolutionConfigurationPlatforms) = preSolution
		Debug|Any CPU = Debug|Any CPU
		Release|Any CPU = Release|Any CPU
	EndGlobalSection
	GlobalSection(ProjectConfigurationPlatforms) = postSolution
		{DBDF09AF-0381-43B6-A89E-B8A21B2B72C8}.Debug|Any CPU.ActiveCfg = Debug|Any CPU
		{DBDF09AF-0381-43B6-A89E-B8A21B2B72C8}.Release|Any CPU.ActiveCfg = Release|Any CPU
	EndGlobalSection
	GlobalSection(SolutionProperties) = preSolution
		HideSolutionNode = FALSE
	EndGlobalSection
	GlobalSection(ExtensibilityGlobals) = postSolution
		SolutionGuid = {ED18333B-79E2-4D27-AEF3-E5A3B2894818}
	EndGlobalSection
EndGlobal
